
Microsoft Visual Studio Solution File, Format Version 12.00
# Visual Studio Version 16
VisualStudioVersion = 16.0.30114.105
MinimumVisualStudioVersion = 10.0.40219.1
Project("{9A19103F-16F7-4668-BE54-9A1E7A4F7556}") = "NoeSbot", "NoeSbot\NoeSbot.csproj", "{7D208462-29CD-4B3A-9DA4-D1687CAD3CE8}"
EndProject
Project("{9A19103F-16F7-4668-BE54-9A1E7A4F7556}") = "NoeSbot.Database", "NoeSbot.Database\NoeSbot.Database.csproj", "{5D060DE3-917C-4AEF-B14D-DFC41E57BC44}"
EndProject
Project("{2150E333-8FDC-42A3-9474-1A3956D46DE8}") = "Website", "Website", "{72493C95-E9BF-4992-BF89-197C1C2F82F3}"
EndProject
Project("{9A19103F-16F7-4668-BE54-9A1E7A4F7556}") = "NoeSbot.Web", "NoeSbot.Web\NoeSbot.Web.csproj", "{409BB87D-5FE3-4879-9F4D-420A933427DB}"
EndProject
Project("{9A19103F-16F7-4668-BE54-9A1E7A4F7556}") = "NoeSbot.Resources", "NoeSbot.Resources\NoeSbot.Resources.csproj", "{8A0A2F4B-8405-4233-A981-F4D421CE7D7D}"
EndProject
Project("{FAE04EC0-301F-11D3-BF4B-00C04F79EFBC}") = "NoeSbot.Helpers", "NoeS.Helpers\NoeSbot.Helpers.csproj", "{EEE2CD9B-724D-489A-99A8-3331510764DA}"
EndProject
Global
	GlobalSection(SolutionConfigurationPlatforms) = preSolution
		Debug|Any CPU = Debug|Any CPU
		Release|Any CPU = Release|Any CPU
	EndGlobalSection
	GlobalSection(ProjectConfigurationPlatforms) = postSolution
		{7D208462-29CD-4B3A-9DA4-D1687CAD3CE8}.Debug|Any CPU.ActiveCfg = Debug|Any CPU
		{7D208462-29CD-4B3A-9DA4-D1687CAD3CE8}.Debug|Any CPU.Build.0 = Debug|Any CPU
		{7D208462-29CD-4B3A-9DA4-D1687CAD3CE8}.Release|Any CPU.ActiveCfg = Release|Any CPU
		{7D208462-29CD-4B3A-9DA4-D1687CAD3CE8}.Release|Any CPU.Build.0 = Release|Any CPU
		{5D060DE3-917C-4AEF-B14D-DFC41E57BC44}.Debug|Any CPU.ActiveCfg = Debug|Any CPU
		{5D060DE3-917C-4AEF-B14D-DFC41E57BC44}.Debug|Any CPU.Build.0 = Debug|Any CPU
		{5D060DE3-917C-4AEF-B14D-DFC41E57BC44}.Release|Any CPU.ActiveCfg = Release|Any CPU
		{5D060DE3-917C-4AEF-B14D-DFC41E57BC44}.Release|Any CPU.Build.0 = Release|Any CPU
		{409BB87D-5FE3-4879-9F4D-420A933427DB}.Debug|Any CPU.ActiveCfg = Debug|Any CPU
		{409BB87D-5FE3-4879-9F4D-420A933427DB}.Debug|Any CPU.Build.0 = Debug|Any CPU
		{409BB87D-5FE3-4879-9F4D-420A933427DB}.Release|Any CPU.ActiveCfg = Release|Any CPU
		{409BB87D-5FE3-4879-9F4D-420A933427DB}.Release|Any CPU.Build.0 = Release|Any CPU
		{8A0A2F4B-8405-4233-A981-F4D421CE7D7D}.Debug|Any CPU.ActiveCfg = Debug|Any CPU
		{8A0A2F4B-8405-4233-A981-F4D421CE7D7D}.Debug|Any CPU.Build.0 = Debug|Any CPU
		{8A0A2F4B-8405-4233-A981-F4D421CE7D7D}.Release|Any CPU.ActiveCfg = Release|Any CPU
		{8A0A2F4B-8405-4233-A981-F4D421CE7D7D}.Release|Any CPU.Build.0 = Release|Any CPU
		{EEE2CD9B-724D-489A-99A8-3331510764DA}.Debug|Any CPU.ActiveCfg = Debug|Any CPU
		{EEE2CD9B-724D-489A-99A8-3331510764DA}.Debug|Any CPU.Build.0 = Debug|Any CPU
		{EEE2CD9B-724D-489A-99A8-3331510764DA}.Release|Any CPU.ActiveCfg = Release|Any CPU
		{EEE2CD9B-724D-489A-99A8-3331510764DA}.Release|Any CPU.Build.0 = Release|Any CPU
	EndGlobalSection
	GlobalSection(SolutionProperties) = preSolution
		HideSolutionNode = FALSE
	EndGlobalSection
	GlobalSection(NestedProjects) = preSolution
		{409BB87D-5FE3-4879-9F4D-420A933427DB} = {72493C95-E9BF-4992-BF89-197C1C2F82F3}
	EndGlobalSection
	GlobalSection(ExtensibilityGlobals) = postSolution
		SolutionGuid = {F2466717-A895-476D-B411-ABE98AF00979}
	EndGlobalSection
EndGlobal
